
Microsoft Visual Studio Solution File, Format Version 12.00
# Visual Studio 15
VisualStudioVersion = 15.0.27130.2036
MinimumVisualStudioVersion = 10.0.40219.1
Project("{8BC9CEB8-8B4A-11D0-8D11-00A0C91BC942}") = "OpenMP", "OpenMP\OpenMP.vcxproj", "{E526F451-4B92-4274-914B-40B970D6BCF8}"
EndProject
Project("{8BC9CEB8-8B4A-11D0-8D11-00A0C91BC942}") = "MPI", "MPI\MPI.vcxproj", "{E800391D-A443-42CE-8687-CBAC77A13907}"
EndProject
Project("{8BC9CEB8-8B4A-11D0-8D11-00A0C91BC942}") = "Pthread", "Pthread\Pthread.vcxproj", "{2AD9C4F2-9361-4868-9776-93FCFDE98961}"
EndProject
Global
	GlobalSection(SolutionConfigurationPlatforms) = preSolution
		Debug|x64 = Debug|x64
		Debug|x86 = Debug|x86
		Release|x64 = Release|x64
		Release|x86 = Release|x86
	EndGlobalSection
	GlobalSection(ProjectConfigurationPlatforms) = postSolution
		{E526F451-4B92-4274-914B-40B970D6BCF8}.Debug|x64.ActiveCfg = Debug|x64
		{E526F451-4B92-4274-914B-40B970D6BCF8}.Debug|x64.Build.0 = Debug|x64
		{E526F451-4B92-4274-914B-40B970D6BCF8}.Debug|x86.ActiveCfg = Debug|Win32
		{E526F451-4B92-4274-914B-40B970D6BCF8}.Debug|x86.Build.0 = Debug|Win32
		{E526F451-4B92-4274-914B-40B970D6BCF8}.Release|x64.ActiveCfg = Release|x64
		{E526F451-4B92-4274-914B-40B970D6BCF8}.Release|x64.Build.0 = Release|x64
		{E526F451-4B92-4274-914B-40B970D6BCF8}.Release|x86.ActiveCfg = Release|Win32
		{E526F451-4B92-4274-914B-40B970D6BCF8}.Release|x86.Build.0 = Release|Win32
		{E800391D-A443-42CE-8687-CBAC77A13907}.Debug|x64.ActiveCfg = Debug|x64
		{E800391D-A443-42CE-8687-CBAC77A13907}.Debug|x64.Build.0 = Debug|x64
		{E800391D-A443-42CE-8687-CBAC77A13907}.Debug|x86.ActiveCfg = Debug|Win32
		{E800391D-A443-42CE-8687-CBAC77A13907}.Debug|x86.Build.0 = Debug|Win32
		{E800391D-A443-42CE-8687-CBAC77A13907}.Release|x64.ActiveCfg = Release|x64
		{E800391D-A443-42CE-8687-CBAC77A13907}.Release|x64.Build.0 = Release|x64
		{E800391D-A443-42CE-8687-CBAC77A13907}.Release|x86.ActiveCfg = Release|Win32
		{E800391D-A443-42CE-8687-CBAC77A13907}.Release|x86.Build.0 = Release|Win32
		{2AD9C4F2-9361-4868-9776-93FCFDE98961}.Debug|x64.ActiveCfg = Debug|x64
		{2AD9C4F2-9361-4868-9776-93FCFDE98961}.Debug|x64.Build.0 = Debug|x64
		{2AD9C4F2-9361-4868-9776-93FCFDE98961}.Debug|x86.ActiveCfg = Debug|Win32
		{2AD9C4F2-9361-4868-9776-93FCFDE98961}.Debug|x86.Build.0 = Debug|Win32
		{2AD9C4F2-9361-4868-9776-93FCFDE98961}.Release|x64.ActiveCfg = Release|x64
		{2AD9C4F2-9361-4868-9776-93FCFDE98961}.Release|x64.Build.0 = Release|x64
		{2AD9C4F2-9361-4868-9776-93FCFDE98961}.Release|x86.ActiveCfg = Release|Win32
		{2AD9C4F2-9361-4868-9776-93FCFDE98961}.Release|x86.Build.0 = Release|Win32
	EndGlobalSection
	GlobalSection(SolutionProperties) = preSolution
		HideSolutionNode = FALSE
	EndGlobalSection
	GlobalSection(ExtensibilityGlobals) = postSolution
		SolutionGuid = {08D63AA3-B3C4-43D7-9566-569464954892}
	EndGlobalSection
EndGlobal
